
Microsoft Visual Studio Solution File, Format Version 12.00
# Visual Studio Version 16
VisualStudioVersion = 16.0.31129.286
MinimumVisualStudioVersion = 10.0.40219.1
Project("{FAE04EC0-301F-11D3-BF4B-00C04F79EFBC}") = "Project1", "Project1.csproj", "{D3318B75-6A2B-4F2F-B34F-0ACCACDF7081}"
EndProject
Global
	GlobalSection(SolutionConfigurationPlatforms) = preSolution
		Debug|Any CPU = Debug|Any CPU
		Release|Any CPU = Release|Any CPU
	EndGlobalSection
	GlobalSection(ProjectConfigurationPlatforms) = postSolution
		{D3318B75-6A2B-4F2F-B34F-0ACCACDF7081}.Debug|Any CPU.ActiveCfg = Debug|Any CPU
		{D3318B75-6A2B-4F2F-B34F-0ACCACDF7081}.Debug|Any CPU.Build.0 = Debug|Any CPU
		{D3318B75-6A2B-4F2F-B34F-0ACCACDF7081}.Release|Any CPU.ActiveCfg = Release|Any CPU
		{D3318B75-6A2B-4F2F-B34F-0ACCACDF7081}.Release|Any CPU.Build.0 = Release|Any CPU
	EndGlobalSection
	GlobalSection(SolutionProperties) = preSolution
		HideSolutionNode = FALSE
	EndGlobalSection
	GlobalSection(ExtensibilityGlobals) = postSolution
		SolutionGuid = {6849F617-AE99-4E50-B977-63AA3F9751F4}
	EndGlobalSection
EndGlobal
